lockfileVersion: '9.0'

settings:
  autoInstallPeers: true
  excludeLinksFromLockfile: false

importers:

  .:
    dependencies:
      '@cloud-cli/exec':
        specifier: ^1.2.1
        version: 1.2.1
      '@cloud-cli/http':
        specifier: latest
        version: 1.1.0
      micro-router:
        specifier: latest
        version: 1.0.2
      unique-names-generator:
        specifier: ^4.7.1
        version: 4.7.1

packages:

  '@cloud-cli/exec@1.2.1':
    resolution: {integrity: sha512-ME+k05k2gSarw9w/grPCAkbIVUBtkBvdvLgZxVOl+5c8gIWtqRqJonL3TqS0OQZADQyitfaKdBpysnvkBJZrXw==}

  '@cloud-cli/http@1.1.0':
    resolution: {integrity: sha512-MekQcRsLlkMjStYqkvkLljdPnMBYmfqqz8SlaOsRisinVgppD1EY44zu3kj/VwmbYAYm4a+FBeRRJ7o5NS6V1A==}

  '@cloud-cli/proxy@1.11.1':
    resolution: {integrity: sha512-bEKtqrDI2NY/fYHf+WJO1qz3dcnMooiFfh3cbJpDJYba4fPDCl41MxAxHFh2meKv7500JxJ9JhYi5oOoN2mJJQ==}
    hasBin: true

  micro-router@1.0.2:
    resolution: {integrity: sha512-csECCeAv8kQBWeImJowY1hlbzmwPD6Qp7AwqM5Hi/91VYpIXoYaxqOEldLi+ELkmQqIji/iCYktD5eAJa3r54A==}

  safe-buffer@5.2.1:
    resolution: {integrity: sha512-rp3So07KcdmmKbGvgaNxQSJr7bGVSVk5S9Eq1F+ppbRo70+YeaDxkw5Dd8NPN+GD6bjnYm2VuPuCXmpuYvmCXQ==}

  string_decoder@1.3.0:
    resolution: {integrity: sha512-hkRX8U1WjJFd8LsDJ2yQ/wWWxaopEsABU1XfkM8A+j0+85JAGppt16cr1Whg6KIbb4okU6Mql6BOj+uup/wKeA==}

  unique-names-generator@4.7.1:
    resolution: {integrity: sha512-lMx9dX+KRmG8sq6gulYYpKWZc9RlGsgBR6aoO8Qsm3qvkSJ+3rAymr+TnV8EDMrIrwuFJ4kruzMWM/OpYzPoow==}
    engines: {node: '>=8'}

snapshots:

  '@cloud-cli/exec@1.2.1':
    dependencies:
      string_decoder: 1.3.0

  '@cloud-cli/http@1.1.0':
    dependencies:
      '@cloud-cli/proxy': 1.11.1

  '@cloud-cli/proxy@1.11.1': {}

  micro-router@1.0.2: {}

  safe-buffer@5.2.1: {}

  string_decoder@1.3.0:
    dependencies:
      safe-buffer: 5.2.1

  unique-names-generator@4.7.1: {}
